
Microsoft Visual Studio Solution File, Format Version 12.00
# Visual Studio Version 17
VisualStudioVersion = 17.0.31903.59
MinimumVisualStudioVersion = 10.0.40219.1
Project("{FAE04EC0-301F-11D3-BF4B-00C04F79EFBC}") = "SolidFeeCalculator", "SolidFeeCalculator\SolidFeeCalculator.csproj", "{5DABBCE2-CC04-43D9-ACF2-DEF505DA4E00}"
EndProject
Project("{FAE04EC0-301F-11D3-BF4B-00C04F79EFBC}") = "SolidFeeCalculatorTests", "SolidFeeCalculatorTests\SolidFeeCalculatorTests.csproj", "{F9B5E81C-85DE-422B-ABC3-121F4E78F462}"
EndProject
Global
	GlobalSection(SolutionConfigurationPlatforms) = preSolution
		Debug|Any CPU = Debug|Any CPU
		Release|Any CPU = Release|Any CPU
	EndGlobalSection
	GlobalSection(SolutionProperties) = preSolution
		HideSolutionNode = FALSE
	EndGlobalSection
	GlobalSection(ProjectConfigurationPlatforms) = postSolution
		{5DABBCE2-CC04-43D9-ACF2-DEF505DA4E00}.Debug|Any CPU.ActiveCfg = Debug|Any CPU
		{5DABBCE2-CC04-43D9-ACF2-DEF505DA4E00}.Debug|Any CPU.Build.0 = Debug|Any CPU
		{5DABBCE2-CC04-43D9-ACF2-DEF505DA4E00}.Release|Any CPU.ActiveCfg = Release|Any CPU
		{5DABBCE2-CC04-43D9-ACF2-DEF505DA4E00}.Release|Any CPU.Build.0 = Release|Any CPU
		{F9B5E81C-85DE-422B-ABC3-121F4E78F462}.Debug|Any CPU.ActiveCfg = Debug|Any CPU
		{F9B5E81C-85DE-422B-ABC3-121F4E78F462}.Debug|Any CPU.Build.0 = Debug|Any CPU
		{F9B5E81C-85DE-422B-ABC3-121F4E78F462}.Release|Any CPU.ActiveCfg = Release|Any CPU
		{F9B5E81C-85DE-422B-ABC3-121F4E78F462}.Release|Any CPU.Build.0 = Release|Any CPU
	EndGlobalSection
EndGlobal
